
Microsoft Visual Studio Solution File, Format Version 12.00
# Visual Studio Version 16
VisualStudioVersion = 16.0.30406.217
MinimumVisualStudioVersion = 10.0.40219.1
Project("{FAE04EC0-301F-11D3-BF4B-00C04F79EFBC}") = "eloybarbosa_ASPNET_TP1", "eloybarbosa_ASPNET_TP1\eloybarbosa_ASPNET_TP1.csproj", "{0021358C-CBCE-4A7A-95AB-8A7E0445D9D4}"
EndProject
Project("{FAE04EC0-301F-11D3-BF4B-00C04F79EFBC}") = "Repository", "Repository\Repository.csproj", "{BD9447F3-B4A5-4598-BDC2-999FD676624A}"
EndProject
Project("{FAE04EC0-301F-11D3-BF4B-00C04F79EFBC}") = "Domain", "Domain\Domain.csproj", "{4B6AF6C8-DE42-4921-9984-48D9C267458B}"
EndProject
Global
	GlobalSection(SolutionConfigurationPlatforms) = preSolution
		Debug|Any CPU = Debug|Any CPU
		Release|Any CPU = Release|Any CPU
	EndGlobalSection
	GlobalSection(ProjectConfigurationPlatforms) = postSolution
		{0021358C-CBCE-4A7A-95AB-8A7E0445D9D4}.Debug|Any CPU.ActiveCfg = Debug|Any CPU
		{0021358C-CBCE-4A7A-95AB-8A7E0445D9D4}.Debug|Any CPU.Build.0 = Debug|Any CPU
		{0021358C-CBCE-4A7A-95AB-8A7E0445D9D4}.Release|Any CPU.ActiveCfg = Release|Any CPU
		{0021358C-CBCE-4A7A-95AB-8A7E0445D9D4}.Release|Any CPU.Build.0 = Release|Any CPU
		{BD9447F3-B4A5-4598-BDC2-999FD676624A}.Debug|Any CPU.ActiveCfg = Debug|Any CPU
		{BD9447F3-B4A5-4598-BDC2-999FD676624A}.Debug|Any CPU.Build.0 = Debug|Any CPU
		{BD9447F3-B4A5-4598-BDC2-999FD676624A}.Release|Any CPU.ActiveCfg = Release|Any CPU
		{BD9447F3-B4A5-4598-BDC2-999FD676624A}.Release|Any CPU.Build.0 = Release|Any CPU
		{4B6AF6C8-DE42-4921-9984-48D9C267458B}.Debug|Any CPU.ActiveCfg = Debug|Any CPU
		{4B6AF6C8-DE42-4921-9984-48D9C267458B}.Debug|Any CPU.Build.0 = Debug|Any CPU
		{4B6AF6C8-DE42-4921-9984-48D9C267458B}.Release|Any CPU.ActiveCfg = Release|Any CPU
		{4B6AF6C8-DE42-4921-9984-48D9C267458B}.Release|Any CPU.Build.0 = Release|Any CPU
	EndGlobalSection
	GlobalSection(SolutionProperties) = preSolution
		HideSolutionNode = FALSE
	EndGlobalSection
	GlobalSection(ExtensibilityGlobals) = postSolution
		SolutionGuid = {1311DF47-FD7A-4C44-9D83-2B110172D5E3}
	EndGlobalSection
EndGlobal
